
Microsoft Visual Studio Solution File, Format Version 12.00
# Visual Studio Version 16
VisualStudioVersion = 16.0.29911.84
MinimumVisualStudioVersion = 10.0.40219.1
Project("{FAE04EC0-301F-11D3-BF4B-00C04F79EFBC}") = "ParkingManager", "ParkingManager\ParkingManager.csproj", "{CAF6370F-C397-4859-BFD5-CAE908AED46C}"
EndProject
Global
	GlobalSection(SolutionConfigurationPlatforms) = preSolution
		Debug|Any CPU = Debug|Any CPU
		Release|Any CPU = Release|Any CPU
	EndGlobalSection
	GlobalSection(ProjectConfigurationPlatforms) = postSolution
		{CAF6370F-C397-4859-BFD5-CAE908AED46C}.Debug|Any CPU.ActiveCfg = Debug|Any CPU
		{CAF6370F-C397-4859-BFD5-CAE908AED46C}.Debug|Any CPU.Build.0 = Debug|Any CPU
		{CAF6370F-C397-4859-BFD5-CAE908AED46C}.Release|Any CPU.ActiveCfg = Release|Any CPU
		{CAF6370F-C397-4859-BFD5-CAE908AED46C}.Release|Any CPU.Build.0 = Release|Any CPU
	EndGlobalSection
	GlobalSection(SolutionProperties) = preSolution
		HideSolutionNode = FALSE
	EndGlobalSection
	GlobalSection(ExtensibilityGlobals) = postSolution
		SolutionGuid = {44050D61-BB0F-4DF1-8620-F74603A6B0EB}
	EndGlobalSection
EndGlobal
